# This file was autogenerated by Stack.
# You should not edit this file by hand.
# For more information, please see the documentation at:
#   https://docs.haskellstack.org/en/stable/lock_files

packages:
- completed:
    hackage: git-embed-0.1.0@sha256:265a1447e30a3acadff889d43b65c8bf8625eca84738ca1360575b502b1d76f8,1083
    pantry-tree:
      sha256: 68db45d1b6d7ae355820c405e25557ddaef19d513d0d3e0e441f1364889871e0
      size: 210
  original:
    hackage: git-embed-0.1.0
- completed:
    hackage: glob-posix-0.2.0.1@sha256:438df35fc614ea9d355ec1390046d7abcc8afabf23f8e589abc2c9ef54b705be,1939
    pantry-tree:
      sha256: a499c93ba6d57b02d474292325fdaf55d63e2e71b982459ff281f3f4f2e7a6a6
      size: 564
  original:
    hackage: glob-posix-0.2.0.1
- completed:
    hackage: download-0.3.2.7@sha256:eb22654544f55a76a36be0215311fda9d64da53008d6db98a6aa6da734c89508,2599
    pantry-tree:
      sha256: 2627f1932a9d66ffa9c3c34009a6e9c1ef7a61b8bb145e12f4906ba57385e2a6
      size: 986
  original:
    hackage: download-0.3.2.7
snapshots:
- completed:
    sha256: a81fb3877c4f9031e1325eb3935122e608d80715dc16b586eb11ddbff8671ecd
    size: 640086
    url: https://raw.githubusercontent.com/commercialhaskell/stackage-snapshots/master/lts/21/25.yaml
  original: lts-21.25
